
Microsoft Visual Studio Solution File, Format Version 12.00
# Visual Studio Version 17
VisualStudioVersion = 17.7.33913.275
MinimumVisualStudioVersion = 10.0.40219.1
Project("{FAE04EC0-301F-11D3-BF4B-00C04F79EFBC}") = "DbOperationsWithEFCoreApp", "DbOperationsWithEFCoreApp\DbOperationsWithEFCoreApp.csproj", "{1D32C4F8-0D23-40A5-9B85-6FBF4B162A31}"
EndProject
Global
	GlobalSection(SolutionConfigurationPlatforms) = preSolution
		Debug|Any CPU = Debug|Any CPU
		Release|Any CPU = Release|Any CPU
	EndGlobalSection
	GlobalSection(ProjectConfigurationPlatforms) = postSolution
		{1D32C4F8-0D23-40A5-9B85-6FBF4B162A31}.Debug|Any CPU.ActiveCfg = Debug|Any CPU
		{1D32C4F8-0D23-40A5-9B85-6FBF4B162A31}.Debug|Any CPU.Build.0 = Debug|Any CPU
		{1D32C4F8-0D23-40A5-9B85-6FBF4B162A31}.Release|Any CPU.ActiveCfg = Release|Any CPU
		{1D32C4F8-0D23-40A5-9B85-6FBF4B162A31}.Release|Any CPU.Build.0 = Release|Any CPU
	EndGlobalSection
	GlobalSection(SolutionProperties) = preSolution
		HideSolutionNode = FALSE
	EndGlobalSection
	GlobalSection(ExtensibilityGlobals) = postSolution
		SolutionGuid = {BDEEC90B-A77C-4442-9573-8810AC38F3ED}
	EndGlobalSection
EndGlobal
